
Microsoft Visual Studio Solution File, Format Version 12.00
# Visual Studio 14
VisualStudioVersion = 14.0.25420.1
MinimumVisualStudioVersion = 10.0.40219.1
Project("{FAE04EC0-301F-11D3-BF4B-00C04F79EFBC}") = "ponuda", "ponuda\ponuda.csproj", "{B9FCF45A-4EBB-4072-B174-F520CE554ACF}"
EndProject
Global
	GlobalSection(SolutionConfigurationPlatforms) = preSolution
		Debug|Any CPU = Debug|Any CPU
		Release|Any CPU = Release|Any CPU
	EndGlobalSection
	GlobalSection(ProjectConfigurationPlatforms) = postSolution
		{B9FCF45A-4EBB-4072-B174-F520CE554ACF}.Debug|Any CPU.ActiveCfg = Debug|Any CPU
		{B9FCF45A-4EBB-4072-B174-F520CE554ACF}.Debug|Any CPU.Build.0 = Debug|Any CPU
		{B9FCF45A-4EBB-4072-B174-F520CE554ACF}.Release|Any CPU.ActiveCfg = Release|Any CPU
		{B9FCF45A-4EBB-4072-B174-F520CE554ACF}.Release|Any CPU.Build.0 = Release|Any CPU
	EndGlobalSection
	GlobalSection(SolutionProperties) = preSolution
		HideSolutionNode = FALSE
	EndGlobalSection
EndGlobal
